
Microsoft Visual Studio Solution File, Format Version 12.00
# Visual Studio Version 16
VisualStudioVersion = 16.0.31402.337
MinimumVisualStudioVersion = 10.0.40219.1
Project("{FAE04EC0-301F-11D3-BF4B-00C04F79EFBC}") = "FourteenthApplication.ConsoleApp", "FourteenthApplication.ConsoleApp\FourteenthApplication.ConsoleApp.csproj", "{563CF917-4F16-4E3A-9751-7EACE9C505E5}"
EndProject
Global
	GlobalSection(SolutionConfigurationPlatforms) = preSolution
		Debug|Any CPU = Debug|Any CPU
		Release|Any CPU = Release|Any CPU
	EndGlobalSection
	GlobalSection(ProjectConfigurationPlatforms) = postSolution
		{563CF917-4F16-4E3A-9751-7EACE9C505E5}.Debug|Any CPU.ActiveCfg = Debug|Any CPU
		{563CF917-4F16-4E3A-9751-7EACE9C505E5}.Debug|Any CPU.Build.0 = Debug|Any CPU
		{563CF917-4F16-4E3A-9751-7EACE9C505E5}.Release|Any CPU.ActiveCfg = Release|Any CPU
		{563CF917-4F16-4E3A-9751-7EACE9C505E5}.Release|Any CPU.Build.0 = Release|Any CPU
	EndGlobalSection
	GlobalSection(SolutionProperties) = preSolution
		HideSolutionNode = FALSE
	EndGlobalSection
	GlobalSection(ExtensibilityGlobals) = postSolution
		SolutionGuid = {BE8007A6-869E-432D-9CD9-02A4D19BD9FA}
	EndGlobalSection
EndGlobal
